// !$*UTF8*$!
{
	archiveVersion = 1;
	classes = {
	};
	objectVersion = 50;
	objects = {

/* Begin PBXBuildFile section */
		78A656C72233BBA700DBC25C /* AppDelegate.swift in Sources */ = {isa = PBXBuildFile; fileRef = 78A656C62233BBA700DBC25C /* AppDelegate.swift */; };
		78A656CC2233BBA700DBC25C /* Main.storyboard in Resources */ = {isa = PBXBuildFile; fileRef = 78A656CA2233BBA700DBC25C /* Main.storyboard */; };
		78A656CE2233BBA800DBC25C /* Assets.xcassets in Resources */ = {isa = PBXBuildFile; fileRef = 78A656CD2233BBA800DBC25C /* Assets.xcassets */; };
		78A656D12233BBA800DBC25C /* LaunchScreen.storyboard in Resources */ = {isa = PBXBuildFile; fileRef = 78A656CF2233BBA800DBC25C /* LaunchScreen.storyboard */; };
		78A656DC2233BBA800DBC25C /* EZSky2Tests.swift in Sources */ = {isa = PBXBuildFile; fileRef = 78A656DB2233BBA800DBC25C /* EZSky2Tests.swift */; };
		78A656EE2233BD7000DBC25C /* WeatherVC.swift in Sources */ = {isa = PBXBuildFile; fileRef = 78A656ED2233BD7000DBC25C /* WeatherVC.swift */; };
		78A656F02233BDE100DBC25C /* Constants.swift in Sources */ = {isa = PBXBuildFile; fileRef = 78A656EF2233BDE100DBC25C /* Constants.swift */; };
		78A656F22233BE6100DBC25C /* Date+Extensions.swift in Sources */ = {isa = PBXBuildFile; fileRef = 78A656F12233BE6100DBC25C /* Date+Extensions.swift */; };
		78A656F42233BF6000DBC25C /* NetworkService.swift in Sources */ = {isa = PBXBuildFile; fileRef = 78A656F32233BF6000DBC25C /* NetworkService.swift */; };
		78A656F62233BFDE00DBC25C /* Location.swift in Sources */ = {isa = PBXBuildFile; fileRef = 78A656F52233BFDE00DBC25C /* Location.swift */; };
		78A656F82233C02700DBC25C /* Weather.swift in Sources */ = {isa = PBXBuildFile; fileRef = 78A656F72233C02700DBC25C /* Weather.swift */; };
		78A656FA2233C03800DBC25C /* Forecast.swift in Sources */ = {isa = PBXBuildFile; fileRef = 78A656F92233C03800DBC25C /* Forecast.swift */; };
		78A656FC2233C09000DBC25C /* ForecastCell.swift in Sources */ = {isa = PBXBuildFile; fileRef = 78A656FB2233C09000DBC25C /* ForecastCell.swift */; };
		78A656FE2233C0E800DBC25C /* WeatherView.swift in Sources */ = {isa = PBXBuildFile; fileRef = 78A656FD2233C0E800DBC25C /* WeatherView.swift */; };
		78A657002233C11200DBC25C /* ForecastVM.swift in Sources */ = {isa = PBXBuildFile; fileRef = 78A656FF2233C11200DBC25C /* ForecastVM.swift */; };
		78A657022233C12400DBC25C /* WeatherVM.swift in Sources */ = {isa = PBXBuildFile; fileRef = 78A657012233C12400DBC25C /* WeatherVM.swift */; };
		78A65704223533C100DBC25C /* String+Extensions.swift in Sources */ = {isa = PBXBuildFile; fileRef = 78A65703223533C100DBC25C /* String+Extensions.swift */; };
/* End PBXBuildFile section */

/* Begin PBXContainerItemProxy section */
		78A656D82233BBA800DBC25C /* PBXContainerItemProxy */ = {
			isa = PBXContainerItemProxy;
			containerPortal = 78A656BB2233BBA700DBC25C /* Project object */;
			proxyType = 1;
			remoteGlobalIDString = 78A656C22233BBA700DBC25C;
			remoteInfo = EZSky2;
		};
/* End PBXContainerItemProxy section */

/* Begin PBXFileReference section */
		78A656C32233BBA700DBC25C /* EZSky2.app */ = {isa = PBXFileReference; explicitFileType = wrapper.application; includeInIndex = 0; path = EZSky2.app; sourceTree = BUILT_PRODUCTS_DIR; };
		78A656C62233BBA700DBC25C /* AppDelegate.swift */ = {isa = PBXFileReference; lastKnownFileType = sourcecode.swift; path = AppDelegate.swift; sourceTree = "<group>"; };
		78A656CB2233BBA700DBC25C /* Base */ = {isa = PBXFileReference; lastKnownFileType = file.storyboard; name = Base; path = Base.lproj/Main.storyboard; sourceTree = "<group>"; };
		78A656CD2233BBA800DBC25C /* Assets.xcassets */ = {isa = PBXFileReference; lastKnownFileType = folder.assetcatalog; path = Assets.xcassets; sourceTree = "<group>"; };
		78A656D02233BBA800DBC25C /* Base */ = {isa = PBXFileReference; lastKnownFileType = file.storyboard; name = Base; path = Base.lproj/LaunchScreen.storyboard; sourceTree = "<group>"; };
		78A656D22233BBA800DBC25C /* Info.plist */ = {isa = PBXFileReference; lastKnownFileType = text.plist.xml; path = Info.plist; sourceTree = "<group>"; };
		78A656D72233BBA800DBC25C /* EZSky2Tests.xctest */ = {isa = PBXFileReference; explicitFileType = wrapper.cfbundle; includeInIndex = 0; path = EZSky2Tests.xctest; sourceTree = BUILT_PRODUCTS_DIR; };
		78A656DB2233BBA800DBC25C /* EZSky2Tests.swift */ = {isa = PBXFileReference; lastKnownFileType = sourcecode.swift; path = EZSky2Tests.swift; sourceTree = "<group>"; };
		78A656DD2233BBA800DBC25C /* Info.plist */ = {isa = PBXFileReference; lastKnownFileType = text.plist.xml; path = Info.plist; sourceTree = "<group>"; };
		78A656ED2233BD7000DBC25C /* WeatherVC.swift */ = {isa = PBXFileReference; lastKnownFileType = sourcecode.swift; path = WeatherVC.swift; sourceTree = "<group>"; };
		78A656EF2233BDE100DBC25C /* Constants.swift */ = {isa = PBXFileReference; lastKnownFileType = sourcecode.swift; path = Constants.swift; sourceTree = "<group>"; };
		78A656F12233BE6100DBC25C /* Date+Extensions.swift */ = {isa = PBXFileReference; lastKnownFileType = sourcecode.swift; path = "Date+Extensions.swift"; sourceTree = "<group>"; };
		78A656F32233BF6000DBC25C /* NetworkService.swift */ = {isa = PBXFileReference; lastKnownFileType = sourcecode.swift; path = NetworkService.swift; sourceTree = "<group>"; };
		78A656F52233BFDE00DBC25C /* Location.swift */ = {isa = PBXFileReference; lastKnownFileType = sourcecode.swift; path = Location.swift; sourceTree = "<group>"; };
		78A656F72233C02700DBC25C /* Weather.swift */ = {isa = PBXFileReference; lastKnownFileType = sourcecode.swift; path = Weather.swift; sourceTree = "<group>"; };
		78A656F92233C03800DBC25C /* Forecast.swift */ = {isa = PBXFileReference; lastKnownFileType = sourcecode.swift; path = Forecast.swift; sourceTree = "<group>"; };
		78A656FB2233C09000DBC25C /* ForecastCell.swift */ = {isa = PBXFileReference; lastKnownFileType = sourcecode.swift; path = ForecastCell.swift; sourceTree = "<group>"; };
		78A656FD2233C0E800DBC25C /* WeatherView.swift */ = {isa = PBXFileReference; lastKnownFileType = sourcecode.swift; path = WeatherView.swift; sourceTree = "<group>"; };
		78A656FF2233C11200DBC25C /* ForecastVM.swift */ = {isa = PBXFileReference; lastKnownFileType = sourcecode.swift; path = ForecastVM.swift; sourceTree = "<group>"; };
		78A657012233C12400DBC25C /* WeatherVM.swift */ = {isa = PBXFileReference; lastKnownFileType = sourcecode.swift; path = WeatherVM.swift; sourceTree = "<group>"; };
		78A65703223533C100DBC25C /* String+Extensions.swift */ = {isa = PBXFileReference; lastKnownFileType = sourcecode.swift; path = "String+Extensions.swift"; sourceTree = "<group>"; };
/* End PBXFileReference section */

/* Begin PBXFrameworksBuildPhase section */
		78A656C02233BBA700DBC25C /* Frameworks */ = {
			isa = PBXFrameworksBuildPhase;
			buildActionMask = 2147483647;
			files = (
			);
			runOnlyForDeploymentPostprocessing = 0;
		};
		78A656D42233BBA800DBC25C /* Frameworks */ = {
			isa = PBXFrameworksBuildPhase;
			buildActionMask = 2147483647;
			files = (
			);
			runOnlyForDeploymentPostprocessing = 0;
		};
/* End PBXFrameworksBuildPhase section */

/* Begin PBXGroup section */
		78A656BA2233BBA700DBC25C = {
			isa = PBXGroup;
			children = (
				78A656C52233BBA700DBC25C /* EZSky2 */,
				78A656DA2233BBA800DBC25C /* EZSky2Tests */,
				78A656C42233BBA700DBC25C /* Products */,
			);
			sourceTree = "<group>";
		};
		78A656C42233BBA700DBC25C /* Products */ = {
			isa = PBXGroup;
			children = (
				78A656C32233BBA700DBC25C /* EZSky2.app */,
				78A656D72233BBA800DBC25C /* EZSky2Tests.xctest */,
			);
			name = Products;
			sourceTree = "<group>";
		};
		78A656C52233BBA700DBC25C /* EZSky2 */ = {
			isa = PBXGroup;
			children = (
				78A656E62233BCA100DBC25C /* Model */,
				78A656E92233BCBE00DBC25C /* ViewModel */,
				78A656E72233BCAF00DBC25C /* View */,
				78A656E82233BCB600DBC25C /* Controller */,
				78A656EA2233BCC900DBC25C /* Extensions */,
				78A656EB2233BCD500DBC25C /* Service */,
				78A656EC2233BCF800DBC25C /* Resources */,
				78A656C62233BBA700DBC25C /* AppDelegate.swift */,
				78A656CD2233BBA800DBC25C /* Assets.xcassets */,
				78A656D22233BBA800DBC25C /* Info.plist */,
				78A656CF2233BBA800DBC25C /* LaunchScreen.storyboard */,
				78A656CA2233BBA700DBC25C /* Main.storyboard */,
			);
			path = EZSky2;
			sourceTree = "<group>";
		};
		78A656DA2233BBA800DBC25C /* EZSky2Tests */ = {
			isa = PBXGroup;
			children = (
				78A656DB2233BBA800DBC25C /* EZSky2Tests.swift */,
				78A656DD2233BBA800DBC25C /* Info.plist */,
			);
			path = EZSky2Tests;
			sourceTree = "<group>";
		};
		78A656E62233BCA100DBC25C /* Model */ = {
			isa = PBXGroup;
			children = (
				78A656F72233C02700DBC25C /* Weather.swift */,
				78A656F92233C03800DBC25C /* Forecast.swift */,
				78A656F52233BFDE00DBC25C /* Location.swift */,
			);
			path = Model;
			sourceTree = "<group>";
		};
		78A656E72233BCAF00DBC25C /* View */ = {
			isa = PBXGroup;
			children = (
				78A656FB2233C09000DBC25C /* ForecastCell.swift */,
				78A656FD2233C0E800DBC25C /* WeatherView.swift */,
			);
			path = View;
			sourceTree = "<group>";
		};
		78A656E82233BCB600DBC25C /* Controller */ = {
			isa = PBXGroup;
			children = (
				78A656ED2233BD7000DBC25C /* WeatherVC.swift */,
			);
			path = Controller;
			sourceTree = "<group>";
		};
		78A656E92233BCBE00DBC25C /* ViewModel */ = {
			isa = PBXGroup;
			children = (
				78A656FF2233C11200DBC25C /* ForecastVM.swift */,
				78A657012233C12400DBC25C /* WeatherVM.swift */,
			);
			path = ViewModel;
			sourceTree = "<group>";
		};
		78A656EA2233BCC900DBC25C /* Extensions */ = {
			isa = PBXGroup;
			children = (
				78A656F12233BE6100DBC25C /* Date+Extensions.swift */,
				78A65703223533C100DBC25C /* String+Extensions.swift */,
			);
			path = Extensions;
			sourceTree = "<group>";
		};
		78A656EB2233BCD500DBC25C /* Service */ = {
			isa = PBXGroup;
			children = (
				78A656F32233BF6000DBC25C /* NetworkService.swift */,
			);
			path = Service;
			sourceTree = "<group>";
		};
		78A656EC2233BCF800DBC25C /* Resources */ = {
			isa = PBXGroup;
			children = (
				78A656EF2233BDE100DBC25C /* Constants.swift */,
			);
			path = Resources;
			sourceTree = "<group>";
		};
/* End PBXGroup section */

/* Begin PBXNativeTarget section */
		78A656C22233BBA700DBC25C /* EZSky2 */ = {
			isa = PBXNativeTarget;
			buildConfigurationList = 78A656E02233BBA800DBC25C /* Build configuration list for PBXNativeTarget "EZSky2" */;
			buildPhases = (
				78A656BF2233BBA700DBC25C /* Sources */,
				78A656C02233BBA700DBC25C /* Frameworks */,
				78A656C12233BBA700DBC25C /* Resources */,
			);
			buildRules = (
			);
			dependencies = (
			);
			name = EZSky2;
			productName = EZSky2;
			productReference = 78A656C32233BBA700DBC25C /* EZSky2.app */;
			productType = "com.apple.product-type.application";
		};
		78A656D62233BBA800DBC25C /* EZSky2Tests */ = {
			isa = PBXNativeTarget;
			buildConfigurationList = 78A656E32233BBA800DBC25C /* Build configuration list for PBXNativeTarget "EZSky2Tests" */;
			buildPhases = (
				78A656D32233BBA800DBC25C /* Sources */,
				78A656D42233BBA800DBC25C /* Frameworks */,
				78A656D52233BBA800DBC25C /* Resources */,
			);
			buildRules = (
			);
			dependencies = (
				78A656D92233BBA800DBC25C /* PBXTargetDependency */,
			);
			name = EZSky2Tests;
			productName = EZSky2Tests;
			productReference = 78A656D72233BBA800DBC25C /* EZSky2Tests.xctest */;
			productType = "com.apple.product-type.bundle.unit-test";
		};
/* End PBXNativeTarget section */

/* Begin PBXProject section */
		78A656BB2233BBA700DBC25C /* Project object */ = {
			isa = PBXProject;
			attributes = {
				LastSwiftUpdateCheck = 1010;
				LastUpgradeCheck = 1010;
				ORGANIZATIONNAME = "Ryan Zander";
				TargetAttributes = {
					78A656C22233BBA700DBC25C = {
						CreatedOnToolsVersion = 10.1;
					};
					78A656D62233BBA800DBC25C = {
						CreatedOnToolsVersion = 10.1;
						TestTargetID = 78A656C22233BBA700DBC25C;
					};
				};
			};
			buildConfigurationList = 78A656BE2233BBA700DBC25C /* Build configuration list for PBXProject "EZSky2" */;
			compatibilityVersion = "Xcode 9.3";
			developmentRegion = en;
			hasScannedForEncodings = 0;
			knownRegions = (
				en,
				Base,
			);
			mainGroup = 78A656BA2233BBA700DBC25C;
			productRefGroup = 78A656C42233BBA700DBC25C /* Products */;
			projectDirPath = "";
			projectRoot = "";
			targets = (
				78A656C22233BBA700DBC25C /* EZSky2 */,
				78A656D62233BBA800DBC25C /* EZSky2Tests */,
			);
		};
/* End PBXProject section */

/* Begin PBXResourcesBuildPhase section */
		78A656C12233BBA700DBC25C /* Resources */ = {
			isa = PBXResourcesBuildPhase;
			buildActionMask = 2147483647;
			files = (
				78A656D12233BBA800DBC25C /* LaunchScreen.storyboard in Resources */,
				78A656CE2233BBA800DBC25C /* Assets.xcassets in Resources */,
				78A656CC2233BBA700DBC25C /* Main.storyboard in Resources */,
			);
			runOnlyForDeploymentPostprocessing = 0;
		};
		78A656D52233BBA800DBC25C /* Resources */ = {
			isa = PBXResourcesBuildPhase;
			buildActionMask = 2147483647;
			files = (
			);
			runOnlyForDeploymentPostprocessing = 0;
		};
/* End PBXResourcesBuildPhase section */

/* Begin PBXSourcesBuildPhase section */
		78A656BF2233BBA700DBC25C /* Sources */ = {
			isa = PBXSourcesBuildPhase;
			buildActionMask = 2147483647;
			files = (
				78A656FA2233C03800DBC25C /* Forecast.swift in Sources */,
				78A65704223533C100DBC25C /* String+Extensions.swift in Sources */,
				78A657002233C11200DBC25C /* ForecastVM.swift in Sources */,
				78A656F42233BF6000DBC25C /* NetworkService.swift in Sources */,
				78A656C72233BBA700DBC25C /* AppDelegate.swift in Sources */,
				78A656F22233BE6100DBC25C /* Date+Extensions.swift in Sources */,
				78A657022233C12400DBC25C /* WeatherVM.swift in Sources */,
				78A656FC2233C09000DBC25C /* ForecastCell.swift in Sources */,
				78A656FE2233C0E800DBC25C /* WeatherView.swift in Sources */,
				78A656F82233C02700DBC25C /* Weather.swift in Sources */,
				78A656EE2233BD7000DBC25C /* WeatherVC.swift in Sources */,
				78A656F62233BFDE00DBC25C /* Location.swift in Sources */,
				78A656F02233BDE100DBC25C /* Constants.swift in Sources */,
			);
			runOnlyForDeploymentPostprocessing = 0;
		};
		78A656D32233BBA800DBC25C /* Sources */ = {
			isa = PBXSourcesBuildPhase;
			buildActionMask = 2147483647;
			files = (
				78A656DC2233BBA800DBC25C /* EZSky2Tests.swift in Sources */,
			);
			runOnlyForDeploymentPostprocessing = 0;
		};
/* End PBXSourcesBuildPhase section */

/* Begin PBXTargetDependency section */
		78A656D92233BBA800DBC25C /* PBXTargetDependency */ = {
			isa = PBXTargetDependency;
			target = 78A656C22233BBA700DBC25C /* EZSky2 */;
			targetProxy = 78A656D82233BBA800DBC25C /* PBXContainerItemProxy */;
		};
/* End PBXTargetDependency section */

/* Begin PBXVariantGroup section */
		78A656CA2233BBA700DBC25C /* Main.storyboard */ = {
			isa = PBXVariantGroup;
			children = (
				78A656CB2233BBA700DBC25C /* Base */,
			);
			name = Main.storyboard;
			sourceTree = "<group>";
		};
		78A656CF2233BBA800DBC25C /* LaunchScreen.storyboard */ = {
			isa = PBXVariantGroup;
			children = (
				78A656D02233BBA800DBC25C /* Base */,
			);
			name = LaunchScreen.storyboard;
			sourceTree = "<group>";
		};
/* End PBXVariantGroup section */

/* Begin XCBuildConfiguration section */
		78A656DE2233BBA800DBC25C /* Debug */ = {
			isa = XCBuildConfiguration;
			buildSettings = {
				ALWAYS_SEARCH_USER_PATHS = NO;
				CLANG_ANALYZER_NONNULL = YES;
				CLANG_ANALYZER_NUMBER_OBJECT_CONVERSION = YES_AGGRESSIVE;
				CLANG_CXX_LANGUAGE_STANDARD = "gnu++14";
				CLANG_CXX_LIBRARY = "libc++";
				CLANG_ENABLE_MODULES = YES;
				CLANG_ENABLE_OBJC_ARC = YES;
				CLANG_ENABLE_OBJC_WEAK = YES;
				CLANG_WARN_BLOCK_CAPTURE_AUTORELEASING = YES;
				CLANG_WARN_BOOL_CONVERSION = YES;
				CLANG_WARN_COMMA = YES;
				CLANG_WARN_CONSTANT_CONVERSION = YES;
				CLANG_WARN_DEPRECATED_OBJC_IMPLEMENTATIONS = YES;
				CLANG_WARN_DIRECT_OBJC_ISA_USAGE = YES_ERROR;
				CLANG_WARN_DOCUMENTATION_COMMENTS = YES;
				CLANG_WARN_EMPTY_BODY = YES;
				CLANG_WARN_ENUM_CONVERSION = YES;
				CLANG_WARN_INFINITE_RECURSION = YES;
				CLANG_WARN_INT_CONVERSION = YES;
				CLANG_WARN_NON_LITERAL_NULL_CONVERSION = YES;
				CLANG_WARN_OBJC_IMPLICIT_RETAIN_SELF = YES;
				CLANG_WARN_OBJC_LITERAL_CONVERSION = YES;
				CLANG_WARN_OBJC_ROOT_CLASS = YES_ERROR;
				CLANG_WARN_RANGE_LOOP_ANALYSIS = YES;
				CLANG_WARN_STRICT_PROTOTYPES = YES;
				CLANG_WARN_SUSPICIOUS_MOVE = YES;
				CLANG_WARN_UNGUARDED_AVAILABILITY = YES_AGGRESSIVE;
				CLANG_WARN_UNREACHABLE_CODE = YES;
				CLANG_WARN__DUPLICATE_METHOD_MATCH = YES;
				CODE_SIGN_IDENTITY = "iPhone Developer";
				COPY_PHASE_STRIP = NO;
				DEBUG_INFORMATION_FORMAT = dwarf;
				ENABLE_STRICT_OBJC_MSGSEND = YES;
				ENABLE_TESTABILITY = YES;
				GCC_C_LANGUAGE_STANDARD = gnu11;
				GCC_DYNAMIC_NO_PIC = NO;
				GCC_NO_COMMON_BLOCKS = YES;
				GCC_OPTIMIZATION_LEVEL = 0;
				GCC_PREPROCESSOR_DEFINITIONS = (
					"DEBUG=1",
					"$(inherited)",
				);
				GCC_WARN_64_TO_32_BIT_CONVERSION = YES;
				GCC_WARN_ABOUT_RETURN_TYPE = YES_ERROR;
				GCC_WARN_UNDECLARED_SELECTOR = YES;
				GCC_WARN_UNINITIALIZED_AUTOS = YES_AGGRESSIVE;
				GCC_WARN_UNUSED_FUNCTION = YES;
				GCC_WARN_UNUSED_VARIABLE = YES;
				IPHONEOS_DEPLOYMENT_TARGET = 12.1;
				MTL_ENABLE_DEBUG_INFO = INCLUDE_SOURCE;
				MTL_FAST_MATH = YES;
				ONLY_ACTIVE_ARCH = YES;
				SDKROOT = iphoneos;
				SWIFT_ACTIVE_COMPILATION_CONDITIONS = DEBUG;
				SWIFT_OPTIMIZATION_LEVEL = "-Onone";
			};
			name = Debug;
		};
		78A656DF2233BBA800DBC25C /* Release */ = {
			isa = XCBuildConfiguration;
			buildSettings = {
				ALWAYS_SEARCH_USER_PATHS = NO;
				CLANG_ANALYZER_NONNULL = YES;
				CLANG_ANALYZER_NUMBER_OBJECT_CONVERSION = YES_AGGRESSIVE;
				CLANG_CXX_LANGUAGE_STANDARD = "gnu++14";
				CLANG_CXX_LIBRARY = "libc++";
				CLANG_ENABLE_MODULES = YES;
				CLANG_ENABLE_OBJC_ARC = YES;
				CLANG_ENABLE_OBJC_WEAK = YES;
				CLANG_WARN_BLOCK_CAPTURE_AUTORELEASING = YES;
				CLANG_WARN_BOOL_CONVERSION = YES;
				CLANG_WARN_COMMA = YES;
				CLANG_WARN_CONSTANT_CONVERSION = YES;
				CLANG_WARN_DEPRECATED_OBJC_IMPLEMENTATIONS = YES;
				CLANG_WARN_DIRECT_OBJC_ISA_USAGE = YES_ERROR;
				CLANG_WARN_DOCUMENTATION_COMMENTS = YES;
				CLANG_WARN_EMPTY_BODY = YES;
				CLANG_WARN_ENUM_CONVERSION = YES;
				CLANG_WARN_INFINITE_RECURSION = YES;
				CLANG_WARN_INT_CONVERSION = YES;
				CLANG_WARN_NON_LITERAL_NULL_CONVERSION = YES;
				CLANG_WARN_OBJC_IMPLICIT_RETAIN_SELF = YES;
				CLANG_WARN_OBJC_LITERAL_CONVERSION = YES;
				CLANG_WARN_OBJC_ROOT_CLASS = YES_ERROR;
				CLANG_WARN_RANGE_LOOP_ANALYSIS = YES;
				CLANG_WARN_STRICT_PROTOTYPES = YES;
				CLANG_WARN_SUSPICIOUS_MOVE = YES;
				CLANG_WARN_UNGUARDED_AVAILABILITY = YES_AGGRESSIVE;
				CLANG_WARN_UNREACHABLE_CODE = YES;
				CLANG_WARN__DUPLICATE_METHOD_MATCH = YES;
				CODE_SIGN_IDENTITY = "iPhone Developer";
				COPY_PHASE_STRIP = NO;
				DEBUG_INFORMATION_FORMAT = "dwarf-with-dsym";
				ENABLE_NS_ASSERTIONS = NO;
				ENABLE_STRICT_OBJC_MSGSEND = YES;
				GCC_C_LANGUAGE_STANDARD = gnu11;
				GCC_NO_COMMON_BLOCKS = YES;
				GCC_WARN_64_TO_32_BIT_CONVERSION = YES;
				GCC_WARN_ABOUT_RETURN_TYPE = YES_ERROR;
				GCC_WARN_UNDECLARED_SELECTOR = YES;
				GCC_WARN_UNINITIALIZED_AUTOS = YES_AGGRESSIVE;
				GCC_WARN_UNUSED_FUNCTION = YES;
				GCC_WARN_UNUSED_VARIABLE = YES;
				IPHONEOS_DEPLOYMENT_TARGET = 12.1;
				MTL_ENABLE_DEBUG_INFO = NO;
				MTL_FAST_MATH = YES;
				SDKROOT = iphoneos;
				SWIFT_COMPILATION_MODE = wholemodule;
				SWIFT_OPTIMIZATION_LEVEL = "-O";
				VALIDATE_PRODUCT = YES;
			};
			name = Release;
		};
		78A656E12233BBA800DBC25C /* Debug */ = {
			isa = XCBuildConfiguration;
			buildSettings = {
				ASSETCATALOG_COMPILER_APPICON_NAME = AppIcon;
				CODE_SIGN_STYLE = Automatic;
				DEVELOPMENT_TEAM = D9N528BE35;
				INFOPLIST_FILE = EZSky2/Info.plist;
				LD_RUNPATH_SEARCH_PATHS = (
					"$(inherited)",
					"@executable_path/Frameworks",
				);
				PRODUCT_BUNDLE_IDENTIFIER = com.nagarajarivers.EZSky2;
				PRODUCT_NAME = "$(TARGET_NAME)";
				SWIFT_VERSION = 4.2;
				TARGETED_DEVICE_FAMILY = 1;
			};
			name = Debug;
		};
		78A656E22233BBA800DBC25C /* Release */ = {
			isa = XCBuildConfiguration;
			buildSettings = {
				ASSETCATALOG_COMPILER_APPICON_NAME = AppIcon;
				CODE_SIGN_STYLE = Automatic;
				DEVELOPMENT_TEAM = D9N528BE35;
				INFOPLIST_FILE = EZSky2/Info.plist;
				LD_RUNPATH_SEARCH_PATHS = (
					"$(inherited)",
					"@executable_path/Frameworks",
				);
				PRODUCT_BUNDLE_IDENTIFIER = com.nagarajarivers.EZSky2;
				PRODUCT_NAME = "$(TARGET_NAME)";
				SWIFT_VERSION = 4.2;
				TARGETED_DEVICE_FAMILY = 1;
			};
			name = Release;
		};
		78A656E42233BBA800DBC25C /* Debug */ = {
			isa = XCBuildConfiguration;
			buildSettings = {
				ALWAYS_EMBED_SWIFT_STANDARD_LIBRARIES = YES;
				BUNDLE_LOADER = "$(TEST_HOST)";
				CODE_SIGN_STYLE = Automatic;
				DEVELOPMENT_TEAM = D9N528BE35;
				INFOPLIST_FILE = EZSky2Tests/Info.plist;
				LD_RUNPATH_SEARCH_PATHS = (
					"$(inherited)",
					"@executable_path/Frameworks",
					"@loader_path/Frameworks",
				);
				PRODUCT_BUNDLE_IDENTIFIER = com.nagarajarivers.EZSky2Tests;
				PRODUCT_NAME = "$(TARGET_NAME)";
				SWIFT_VERSION = 4.2;
				TARGETED_DEVICE_FAMILY = "1,2";
				TEST_HOST = "$(BUILT_PRODUCTS_DIR)/EZSky2.app/EZSky2";
			};
			name = Debug;
		};
		78A656E52233BBA800DBC25C /* Release */ = {
			isa = XCBuildConfiguration;
			buildSettings = {
				ALWAYS_EMBED_SWIFT_STANDARD_LIBRARIES = YES;
				BUNDLE_LOADER = "$(TEST_HOST)";
				CODE_SIGN_STYLE = Automatic;
				DEVELOPMENT_TEAM = D9N528BE35;
				INFOPLIST_FILE = EZSky2Tests/Info.plist;
				LD_RUNPATH_SEARCH_PATHS = (
					"$(inherited)",
					"@executable_path/Frameworks",
					"@loader_path/Frameworks",
				);
				PRODUCT_BUNDLE_IDENTIFIER = com.nagarajarivers.EZSky2Tests;
				PRODUCT_NAME = "$(TARGET_NAME)";
				SWIFT_VERSION = 4.2;
				TARGETED_DEVICE_FAMILY = "1,2";
				TEST_HOST = "$(BUILT_PRODUCTS_DIR)/EZSky2.app/EZSky2";
			};
			name = Release;
		};
/* End XCBuildConfiguration section */

/* Begin XCConfigurationList section */
		78A656BE2233BBA700DBC25C /* Build configuration list for PBXProject "EZSky2" */ = {
			isa = XCConfigurationList;
			buildConfigurations = (
				78A656DE2233BBA800DBC25C /* Debug */,
				78A656DF2233BBA800DBC25C /* Release */,
			);
			defaultConfigurationIsVisible = 0;
			defaultConfigurationName = Release;
		};
		78A656E02233BBA800DBC25C /* Build configuration list for PBXNativeTarget "EZSky2" */ = {
			isa = XCConfigurationList;
			buildConfigurations = (
				78A656E12233BBA800DBC25C /* Debug */,
				78A656E22233BBA800DBC25C /* Release */,
			);
			defaultConfigurationIsVisible = 0;
			defaultConfigurationName = Release;
		};
		78A656E32233BBA800DBC25C /* Build configuration list for PBXNativeTarget "EZSky2Tests" */ = {
			isa = XCConfigurationList;
			buildConfigurations = (
				78A656E42233BBA800DBC25C /* Debug */,
				78A656E52233BBA800DBC25C /* Release */,
			);
			defaultConfigurationIsVisible = 0;
			defaultConfigurationName = Release;
		};
/* End XCConfigurationList section */
	};
	rootObject = 78A656BB2233BBA700DBC25C /* Project object */;
}
